// !$*UTF8*$!
{
	archiveVersion = 1;
	classes = {
	};
	objectVersion = 50;
	objects = {

/* Begin PBXBuildFile section */
		17757EFE26A890CF004D444F /* AppDelegate.swift in Sources */ = {isa = PBXBuildFile; fileRef = 17757EFD26A890CF004D444F /* AppDelegate.swift */; };
		17757F0026A890CF004D444F /* SceneDelegate.swift in Sources */ = {isa = PBXBuildFile; fileRef = 17757EFF26A890CF004D444F /* SceneDelegate.swift */; };
		17757F0226A890CF004D444F /* ViewController.swift in Sources */ = {isa = PBXBuildFile; fileRef = 17757F0126A890CF004D444F /* ViewController.swift */; };
		17757F0526A890CF004D444F /* Main.storyboard in Resources */ = {isa = PBXBuildFile; fileRef = 17757F0326A890CF004D444F /* Main.storyboard */; };
		17757F0826A890CF004D444F /* Lupus_Health_Tracker.xcdatamodeld in Sources */ = {isa = PBXBuildFile; fileRef = 17757F0626A890CF004D444F /* Lupus_Health_Tracker.xcdatamodeld */; };
		17757F0A26A890D1004D444F /* Assets.xcassets in Resources */ = {isa = PBXBuildFile; fileRef = 17757F0926A890D1004D444F /* Assets.xcassets */; };
		17757F0D26A890D1004D444F /* LaunchScreen.storyboard in Resources */ = {isa = PBXBuildFile; fileRef = 17757F0B26A890D1004D444F /* LaunchScreen.storyboard */; };
/* End PBXBuildFile section */

/* Begin PBXFileReference section */
		17757EFA26A890CF004D444F /* Lupus Health Tracker.app */ = {isa = PBXFileReference; explicitFileType = wrapper.application; includeInIndex = 0; path = "Lupus Health Tracker.app"; sourceTree = BUILT_PRODUCTS_DIR; };
		17757EFD26A890CF004D444F /* AppDelegate.swift */ = {isa = PBXFileReference; lastKnownFileType = sourcecode.swift; path = AppDelegate.swift; sourceTree = "<group>"; };
		17757EFF26A890CF004D444F /* SceneDelegate.swift */ = {isa = PBXFileReference; lastKnownFileType = sourcecode.swift; path = SceneDelegate.swift; sourceTree = "<group>"; };
		17757F0126A890CF004D444F /* ViewController.swift */ = {isa = PBXFileReference; lastKnownFileType = sourcecode.swift; path = ViewController.swift; sourceTree = "<group>"; };
		17757F0426A890CF004D444F /* Base */ = {isa = PBXFileReference; lastKnownFileType = file.storyboard; name = Base; path = Base.lproj/Main.storyboard; sourceTree = "<group>"; };
		17757F0726A890CF004D444F /* Lupus_Health_Tracker.xcdatamodel */ = {isa = PBXFileReference; lastKnownFileType = wrapper.xcdatamodel; path = Lupus_Health_Tracker.xcdatamodel; sourceTree = "<group>"; };
		17757F0926A890D1004D444F /* Assets.xcassets */ = {isa = PBXFileReference; lastKnownFileType = folder.assetcatalog; path = Assets.xcassets; sourceTree = "<group>"; };
		17757F0C26A890D1004D444F /* Base */ = {isa = PBXFileReference; lastKnownFileType = file.storyboard; name = Base; path = Base.lproj/LaunchScreen.storyboard; sourceTree = "<group>"; };
		17757F0E26A890D1004D444F /* Info.plist */ = {isa = PBXFileReference; lastKnownFileType = text.plist.xml; path = Info.plist; sourceTree = "<group>"; };
/* End PBXFileReference section */

/* Begin PBXFrameworksBuildPhase section */
		17757EF726A890CF004D444F /* Frameworks */ = {
			isa = PBXFrameworksBuildPhase;
			buildActionMask = 2147483647;
			files = (
			);
			runOnlyForDeploymentPostprocessing = 0;
		};
/* End PBXFrameworksBuildPhase section */

/* Begin PBXGroup section */
		17757EF126A890CF004D444F = {
			isa = PBXGroup;
			children = (
				17757EFC26A890CF004D444F /* Lupus Health Tracker */,
				17757EFB26A890CF004D444F /* Products */,
			);
			sourceTree = "<group>";
		};
		17757EFB26A890CF004D444F /* Products */ = {
			isa = PBXGroup;
			children = (
				17757EFA26A890CF004D444F /* Lupus Health Tracker.app */,
			);
			name = Products;
			sourceTree = "<group>";
		};
		17757EFC26A890CF004D444F /* Lupus Health Tracker */ = {
			isa = PBXGroup;
			children = (
				17757EFD26A890CF004D444F /* AppDelegate.swift */,
				17757EFF26A890CF004D444F /* SceneDelegate.swift */,
				17757F0126A890CF004D444F /* ViewController.swift */,
				17757F0326A890CF004D444F /* Main.storyboard */,
				17757F0926A890D1004D444F /* Assets.xcassets */,
				17757F0B26A890D1004D444F /* LaunchScreen.storyboard */,
				17757F0E26A890D1004D444F /* Info.plist */,
				17757F0626A890CF004D444F /* Lupus_Health_Tracker.xcdatamodeld */,
			);
			path = "Lupus Health Tracker";
			sourceTree = "<group>";
		};
/* End PBXGroup section */

/* Begin PBXNativeTarget section */
		17757EF926A890CF004D444F /* Lupus Health Tracker */ = {
			isa = PBXNativeTarget;
			buildConfigurationList = 17757F1126A890D1004D444F /* Build configuration list for PBXNativeTarget "Lupus Health Tracker" */;
			buildPhases = (
				17757EF626A890CF004D444F /* Sources */,
				17757EF726A890CF004D444F /* Frameworks */,
				17757EF826A890CF004D444F /* Resources */,
			);
			buildRules = (
			);
			dependencies = (
			);
			name = "Lupus Health Tracker";
			productName = "Lupus Health Tracker";
			productReference = 17757EFA26A890CF004D444F /* Lupus Health Tracker.app */;
			productType = "com.apple.product-type.application";
		};
/* End PBXNativeTarget section */

/* Begin PBXProject section */
		17757EF226A890CF004D444F /* Project object */ = {
			isa = PBXProject;
			attributes = {
				LastSwiftUpdateCheck = 1250;
				LastUpgradeCheck = 1250;
				TargetAttributes = {
					17757EF926A890CF004D444F = {
						CreatedOnToolsVersion = 12.5.1;
					};
				};
			};
			buildConfigurationList = 17757EF526A890CF004D444F /* Build configuration list for PBXProject "Lupus Health Tracker" */;
			compatibilityVersion = "Xcode 9.3";
			developmentRegion = en;
			hasScannedForEncodings = 0;
			knownRegions = (
				en,
				Base,
			);
			mainGroup = 17757EF126A890CF004D444F;
			productRefGroup = 17757EFB26A890CF004D444F /* Products */;
			projectDirPath = "";
			projectRoot = "";
			targets = (
				17757EF926A890CF004D444F /* Lupus Health Tracker */,
			);
		};
/* End PBXProject section */

/* Begin PBXResourcesBuildPhase section */
		17757EF826A890CF004D444F /* Resources */ = {
			isa = PBXResourcesBuildPhase;
			buildActionMask = 2147483647;
			files = (
				17757F0D26A890D1004D444F /* LaunchScreen.storyboard in Resources */,
				17757F0A26A890D1004D444F /* Assets.xcassets in Resources */,
				17757F0526A890CF004D444F /* Main.storyboard in Resources */,
			);
			runOnlyForDeploymentPostprocessing = 0;
		};
/* End PBXResourcesBuildPhase section */

/* Begin PBXSourcesBuildPhase section */
		17757EF626A890CF004D444F /* Sources */ = {
			isa = PBXSourcesBuildPhase;
			buildActionMask = 2147483647;
			files = (
				17757F0226A890CF004D444F /* ViewController.swift in Sources */,
				17757EFE26A890CF004D444F /* AppDelegate.swift in Sources */,
				17757F0826A890CF004D444F /* Lupus_Health_Tracker.xcdatamodeld in Sources */,
				17757F0026A890CF004D444F /* SceneDelegate.swift in Sources */,
			);
			runOnlyForDeploymentPostprocessing = 0;
		};
/* End PBXSourcesBuildPhase section */

/* Begin PBXVariantGroup section */
		17757F0326A890CF004D444F /* Main.storyboard */ = {
			isa = PBXVariantGroup;
			children = (
				17757F0426A890CF004D444F /* Base */,
			);
			name = Main.storyboard;
			sourceTree = "<group>";
		};
		17757F0B26A890D1004D444F /* LaunchScreen.storyboard */ = {
			isa = PBXVariantGroup;
			children = (
				17757F0C26A890D1004D444F /* Base */,
			);
			name = LaunchScreen.storyboard;
			sourceTree = "<group>";
		};
/* End PBXVariantGroup section */

/* Begin XCBuildConfiguration section */
		17757F0F26A890D1004D444F /* Debug */ = {
			isa = XCBuildConfiguration;
			buildSettings = {
				ALWAYS_SEARCH_USER_PATHS = NO;
				CLANG_ANALYZER_NONNULL = YES;
				CLANG_ANALYZER_NUMBER_OBJECT_CONVERSION = YES_AGGRESSIVE;
				CLANG_CXX_LANGUAGE_STANDARD = "gnu++14";
				CLANG_CXX_LIBRARY = "libc++";
				CLANG_ENABLE_MODULES = YES;
				CLANG_ENABLE_OBJC_ARC = YES;
				CLANG_ENABLE_OBJC_WEAK = YES;
				CLANG_WARN_BLOCK_CAPTURE_AUTORELEASING = YES;
				CLANG_WARN_BOOL_CONVERSION = YES;
				CLANG_WARN_COMMA = YES;
				CLANG_WARN_CONSTANT_CONVERSION = YES;
				CLANG_WARN_DEPRECATED_OBJC_IMPLEMENTATIONS = YES;
				CLANG_WARN_DIRECT_OBJC_ISA_USAGE = YES_ERROR;
				CLANG_WARN_DOCUMENTATION_COMMENTS = YES;
				CLANG_WARN_EMPTY_BODY = YES;
				CLANG_WARN_ENUM_CONVERSION = YES;
				CLANG_WARN_INFINITE_RECURSION = YES;
				CLANG_WARN_INT_CONVERSION = YES;
				CLANG_WARN_NON_LITERAL_NULL_CONVERSION = YES;
				CLANG_WARN_OBJC_IMPLICIT_RETAIN_SELF = YES;
				CLANG_WARN_OBJC_LITERAL_CONVERSION = YES;
				CLANG_WARN_OBJC_ROOT_CLASS = YES_ERROR;
				CLANG_WARN_QUOTED_INCLUDE_IN_FRAMEWORK_HEADER = YES;
				CLANG_WARN_RANGE_LOOP_ANALYSIS = YES;
				CLANG_WARN_STRICT_PROTOTYPES = YES;
				CLANG_WARN_SUSPICIOUS_MOVE = YES;
				CLANG_WARN_UNGUARDED_AVAILABILITY = YES_AGGRESSIVE;
				CLANG_WARN_UNREACHABLE_CODE = YES;
				CLANG_WARN__DUPLICATE_METHOD_MATCH = YES;
				COPY_PHASE_STRIP = NO;
				DEBUG_INFORMATION_FORMAT = dwarf;
				ENABLE_STRICT_OBJC_MSGSEND = YES;
				ENABLE_TESTABILITY = YES;
				GCC_C_LANGUAGE_STANDARD = gnu11;
				GCC_DYNAMIC_NO_PIC = NO;
				GCC_NO_COMMON_BLOCKS = YES;
				GCC_OPTIMIZATION_LEVEL = 0;
				GCC_PREPROCESSOR_DEFINITIONS = (
					"DEBUG=1",
					"$(inherited)",
				);
				GCC_WARN_64_TO_32_BIT_CONVERSION = YES;
				GCC_WARN_ABOUT_RETURN_TYPE = YES_ERROR;
				GCC_WARN_UNDECLARED_SELECTOR = YES;
				GCC_WARN_UNINITIALIZED_AUTOS = YES_AGGRESSIVE;
				GCC_WARN_UNUSED_FUNCTION = YES;
				GCC_WARN_UNUSED_VARIABLE = YES;
				IPHONEOS_DEPLOYMENT_TARGET = 14.5;
				MTL_ENABLE_DEBUG_INFO = INCLUDE_SOURCE;
				MTL_FAST_MATH = YES;
				ONLY_ACTIVE_ARCH = YES;
				SDKROOT = iphoneos;
				SWIFT_ACTIVE_COMPILATION_CONDITIONS = DEBUG;
				SWIFT_OPTIMIZATION_LEVEL = "-Onone";
			};
			name = Debug;
		};
		17757F1026A890D1004D444F /* Release */ = {
			isa = XCBuildConfiguration;
			buildSettings = {
				ALWAYS_SEARCH_USER_PATHS = NO;
				CLANG_ANALYZER_NONNULL = YES;
				CLANG_ANALYZER_NUMBER_OBJECT_CONVERSION = YES_AGGRESSIVE;
				CLANG_CXX_LANGUAGE_STANDARD = "gnu++14";
				CLANG_CXX_LIBRARY = "libc++";
				CLANG_ENABLE_MODULES = YES;
				CLANG_ENABLE_OBJC_ARC = YES;
				CLANG_ENABLE_OBJC_WEAK = YES;
				CLANG_WARN_BLOCK_CAPTURE_AUTORELEASING = YES;
				CLANG_WARN_BOOL_CONVERSION = YES;
				CLANG_WARN_COMMA = YES;
				CLANG_WARN_CONSTANT_CONVERSION = YES;
				CLANG_WARN_DEPRECATED_OBJC_IMPLEMENTATIONS = YES;
				CLANG_WARN_DIRECT_OBJC_ISA_USAGE = YES_ERROR;
				CLANG_WARN_DOCUMENTATION_COMMENTS = YES;
				CLANG_WARN_EMPTY_BODY = YES;
				CLANG_WARN_ENUM_CONVERSION = YES;
				CLANG_WARN_INFINITE_RECURSION = YES;
				CLANG_WARN_INT_CONVERSION = YES;
				CLANG_WARN_NON_LITERAL_NULL_CONVERSION = YES;
				CLANG_WARN_OBJC_IMPLICIT_RETAIN_SELF = YES;
				CLANG_WARN_OBJC_LITERAL_CONVERSION = YES;
				CLANG_WARN_OBJC_ROOT_CLASS = YES_ERROR;
				CLANG_WARN_QUOTED_INCLUDE_IN_FRAMEWORK_HEADER = YES;
				CLANG_WARN_RANGE_LOOP_ANALYSIS = YES;
				CLANG_WARN_STRICT_PROTOTYPES = YES;
				CLANG_WARN_SUSPICIOUS_MOVE = YES;
				CLANG_WARN_UNGUARDED_AVAILABILITY = YES_AGGRESSIVE;
				CLANG_WARN_UNREACHABLE_CODE = YES;
				CLANG_WARN__DUPLICATE_METHOD_MATCH = YES;
				COPY_PHASE_STRIP = NO;
				DEBUG_INFORMATION_FORMAT = "dwarf-with-dsym";
				ENABLE_NS_ASSERTIONS = NO;
				ENABLE_STRICT_OBJC_MSGSEND = YES;
				GCC_C_LANGUAGE_STANDARD = gnu11;
				GCC_NO_COMMON_BLOCKS = YES;
				GCC_WARN_64_TO_32_BIT_CONVERSION = YES;
				GCC_WARN_ABOUT_RETURN_TYPE = YES_ERROR;
				GCC_WARN_UNDECLARED_SELECTOR = YES;
				GCC_WARN_UNINITIALIZED_AUTOS = YES_AGGRESSIVE;
				GCC_WARN_UNUSED_FUNCTION = YES;
				GCC_WARN_UNUSED_VARIABLE = YES;
				IPHONEOS_DEPLOYMENT_TARGET = 14.5;
				MTL_ENABLE_DEBUG_INFO = NO;
				MTL_FAST_MATH = YES;
				SDKROOT = iphoneos;
				SWIFT_COMPILATION_MODE = wholemodule;
				SWIFT_OPTIMIZATION_LEVEL = "-O";
				VALIDATE_PRODUCT = YES;
			};
			name = Release;
		};
		17757F1226A890D1004D444F /* Debug */ = {
			isa = XCBuildConfiguration;
			buildSettings = {
				ASSETCATALOG_COMPILER_APPICON_NAME = AppIcon;
				ASSETCATALOG_COMPILER_GLOBAL_ACCENT_COLOR_NAME = AccentColor;
				CODE_SIGN_STYLE = Automatic;
				DEVELOPMENT_TEAM = UCLN9T9B7X;
				INFOPLIST_FILE = "Lupus Health Tracker/Info.plist";
				LD_RUNPATH_SEARCH_PATHS = (
					"$(inherited)",
					"@executable_path/Frameworks",
				);
				PRODUCT_BUNDLE_IDENTIFIER = "com.hannah.Lupus-Health-Tracker";
				PRODUCT_NAME = "$(TARGET_NAME)";
				SWIFT_VERSION = 5.0;
				TARGETED_DEVICE_FAMILY = "1,2";
			};
			name = Debug;
		};
		17757F1326A890D1004D444F /* Release */ = {
			isa = XCBuildConfiguration;
			buildSettings = {
				ASSETCATALOG_COMPILER_APPICON_NAME = AppIcon;
				ASSETCATALOG_COMPILER_GLOBAL_ACCENT_COLOR_NAME = AccentColor;
				CODE_SIGN_STYLE = Automatic;
				DEVELOPMENT_TEAM = UCLN9T9B7X;
				INFOPLIST_FILE = "Lupus Health Tracker/Info.plist";
				LD_RUNPATH_SEARCH_PATHS = (
					"$(inherited)",
					"@executable_path/Frameworks",
				);
				PRODUCT_BUNDLE_IDENTIFIER = "com.hannah.Lupus-Health-Tracker";
				PRODUCT_NAME = "$(TARGET_NAME)";
				SWIFT_VERSION = 5.0;
				TARGETED_DEVICE_FAMILY = "1,2";
			};
			name = Release;
		};
/* End XCBuildConfiguration section */

/* Begin XCConfigurationList section */
		17757EF526A890CF004D444F /* Build configuration list for PBXProject "Lupus Health Tracker" */ = {
			isa = XCConfigurationList;
			buildConfigurations = (
				17757F0F26A890D1004D444F /* Debug */,
				17757F1026A890D1004D444F /* Release */,
			);
			defaultConfigurationIsVisible = 0;
			defaultConfigurationName = Release;
		};
		17757F1126A890D1004D444F /* Build configuration list for PBXNativeTarget "Lupus Health Tracker" */ = {
			isa = XCConfigurationList;
			buildConfigurations = (
				17757F1226A890D1004D444F /* Debug */,
				17757F1326A890D1004D444F /* Release */,
			);
			defaultConfigurationIsVisible = 0;
			defaultConfigurationName = Release;
		};
/* End XCConfigurationList section */

/* Begin XCVersionGroup section */
		17757F0626A890CF004D444F /* Lupus_Health_Tracker.xcdatamodeld */ = {
			isa = XCVersionGroup;
			children = (
				17757F0726A890CF004D444F /* Lupus_Health_Tracker.xcdatamodel */,
			);
			currentVersion = 17757F0726A890CF004D444F /* Lupus_Health_Tracker.xcdatamodel */;
			path = Lupus_Health_Tracker.xcdatamodeld;
			sourceTree = "<group>";
			versionGroupType = wrapper.xcdatamodel;
		};
/* End XCVersionGroup section */
	};
	rootObject = 17757EF226A890CF004D444F /* Project object */;
}
